# THIS IS AN AUTOGENERATED FILE. DO NOT EDIT THIS FILE DIRECTLY.
# yarn lockfile v1


"@sbrow/prettier-config@^1.0.0":
  version "1.0.0"
  resolved "https://registry.yarnpkg.com/@sbrow/prettier-config/-/prettier-config-1.0.0.tgz#619de66da1d1275fcfcff3fa7c9c0ec13a867273"
  integrity sha512-Bgja72GTiO+0p0Ygz14hjFWhohbhiK0YmCt42UztCi5Iaos5CSwDEbT0PDZA4T+CeTcIHJGTY3zMRkE8uXCONw==

prettier@^1.18.2:
  version "1.18.2"
  resolved "https://registry.yarnpkg.com/prettier/-/prettier-1.18.2.tgz#6823e7c5900017b4bd3acf46fe9ac4b4d7bda9ea"
  integrity sha512-OeHeMc0JhFE9idD4ZdtNibzY0+TPHSpSSb9h8FqtP+YnoZZ1sl8Vc9b1sasjfymH3SonAF4QcA2+mzHPhMvIiw==
